
Microsoft Visual Studio Solution File, Format Version 12.00
# Visual Studio Version 17
VisualStudioVersion = 17.14.37614.0 d17.14
MinimumVisualStudioVersion = 10.0.40219.1
Project("{FAE04EC0-301F-11D3-BF4B-00C04F79EFBC}") = "PxcLesson11", "PxcLesson11.csproj", "{8A481B49-4CA0-4C87-B9C0-372A6BEAF9DD}"
EndProject
Global
	GlobalSection(SolutionConfigurationPlatforms) = preSolution
		Debug|Any CPU = Debug|Any CPU
		Release|Any CPU = Release|Any CPU
	EndGlobalSection
	GlobalSection(ProjectConfigurationPlatforms) = postSolution
		{8A481B49-4CA0-4C87-B9C0-372A6BEAF9DD}.Debug|Any CPU.ActiveCfg = Debug|Any CPU
		{8A481B49-4CA0-4C87-B9C0-372A6BEAF9DD}.Debug|Any CPU.Build.0 = Debug|Any CPU
		{8A481B49-4CA0-4C87-B9C0-372A6BEAF9DD}.Release|Any CPU.ActiveCfg = Release|Any CPU
		{8A481B49-4CA0-4C87-B9C0-372A6BEAF9DD}.Release|Any CPU.Build.0 = Release|Any CPU
	EndGlobalSection
	GlobalSection(SolutionProperties) = preSolution
		HideSolutionNode = FALSE
	EndGlobalSection
	GlobalSection(ExtensibilityGlobals) = postSolution
		SolutionGuid = {55FEA86D-6B9B-4C7D-A9C1-F6A66F2C10CD}
	EndGlobalSection
EndGlobal
