
Microsoft Visual Studio Solution File, Format Version 12.00
# Visual Studio Version 17
VisualStudioVersion = 17.14.37614.0 d17.14
MinimumVisualStudioVersion = 10.0.40219.1
Project("{FAE04EC0-301F-11D3-BF4B-00C04F79EFBC}") = "PxcLesson04Lab", "PxcLesson04Lab.csproj", "{71469191-7B18-441F-A55F-D74C605C425A}"
EndProject
Global
	GlobalSection(SolutionConfigurationPlatforms) = preSolution
		Debug|Any CPU = Debug|Any CPU
		Release|Any CPU = Release|Any CPU
	EndGlobalSection
	GlobalSection(ProjectConfigurationPlatforms) = postSolution
		{71469191-7B18-441F-A55F-D74C605C425A}.Debug|Any CPU.ActiveCfg = Debug|Any CPU
		{71469191-7B18-441F-A55F-D74C605C425A}.Debug|Any CPU.Build.0 = Debug|Any CPU
		{71469191-7B18-441F-A55F-D74C605C425A}.Release|Any CPU.ActiveCfg = Release|Any CPU
		{71469191-7B18-441F-A55F-D74C605C425A}.Release|Any CPU.Build.0 = Release|Any CPU
	EndGlobalSection
	GlobalSection(SolutionProperties) = preSolution
		HideSolutionNode = FALSE
	EndGlobalSection
	GlobalSection(ExtensibilityGlobals) = postSolution
		SolutionGuid = {BF7ED5AE-D35E-44F7-B682-E1D17681971B}
	EndGlobalSection
EndGlobal
