
Microsoft Visual Studio Solution File, Format Version 12.00
# Visual Studio Version 17
VisualStudioVersion = 17.14.37614.0 d17.14
MinimumVisualStudioVersion = 10.0.40219.1
Project("{FAE04EC0-301F-11D3-BF4B-00C04F79EFBC}") = "PxcLesson15", "PxcLesson15.csproj", "{01CF7600-8F02-4467-B3E2-66D40C191971}"
EndProject
Global
	GlobalSection(SolutionConfigurationPlatforms) = preSolution
		Debug|Any CPU = Debug|Any CPU
		Release|Any CPU = Release|Any CPU
	EndGlobalSection
	GlobalSection(ProjectConfigurationPlatforms) = postSolution
		{01CF7600-8F02-4467-B3E2-66D40C191971}.Debug|Any CPU.ActiveCfg = Debug|Any CPU
		{01CF7600-8F02-4467-B3E2-66D40C191971}.Debug|Any CPU.Build.0 = Debug|Any CPU
		{01CF7600-8F02-4467-B3E2-66D40C191971}.Release|Any CPU.ActiveCfg = Release|Any CPU
		{01CF7600-8F02-4467-B3E2-66D40C191971}.Release|Any CPU.Build.0 = Release|Any CPU
	EndGlobalSection
	GlobalSection(SolutionProperties) = preSolution
		HideSolutionNode = FALSE
	EndGlobalSection
	GlobalSection(ExtensibilityGlobals) = postSolution
		SolutionGuid = {BDF3317A-D306-4AB4-820A-0947A0204A4B}
	EndGlobalSection
EndGlobal
