
Microsoft Visual Studio Solution File, Format Version 12.00
# Visual Studio Version 17
VisualStudioVersion = 17.14.37614.0 d17.14
MinimumVisualStudioVersion = 10.0.40219.1
Project("{FAE04EC0-301F-11D3-BF4B-00C04F79EFBC}") = "PxcLesson12", "PxcLesson12.csproj", "{D2FC21C2-A704-42B9-B77B-4A62364BA89B}"
EndProject
Global
	GlobalSection(SolutionConfigurationPlatforms) = preSolution
		Debug|Any CPU = Debug|Any CPU
		Release|Any CPU = Release|Any CPU
	EndGlobalSection
	GlobalSection(ProjectConfigurationPlatforms) = postSolution
		{D2FC21C2-A704-42B9-B77B-4A62364BA89B}.Debug|Any CPU.ActiveCfg = Debug|Any CPU
		{D2FC21C2-A704-42B9-B77B-4A62364BA89B}.Debug|Any CPU.Build.0 = Debug|Any CPU
		{D2FC21C2-A704-42B9-B77B-4A62364BA89B}.Release|Any CPU.ActiveCfg = Release|Any CPU
		{D2FC21C2-A704-42B9-B77B-4A62364BA89B}.Release|Any CPU.Build.0 = Release|Any CPU
	EndGlobalSection
	GlobalSection(SolutionProperties) = preSolution
		HideSolutionNode = FALSE
	EndGlobalSection
	GlobalSection(ExtensibilityGlobals) = postSolution
		SolutionGuid = {9539AEA1-6AD7-46BD-92CF-6A7E46FD62C8}
	EndGlobalSection
EndGlobal
